
Microsoft Visual Studio Solution File, Format Version 12.00
# Visual Studio 15
VisualStudioVersion = 15.0.28307.1585
MinimumVisualStudioVersion = 10.0.40219.1
Project("{FAE04EC0-301F-11D3-BF4B-00C04F79EFBC}") = "Navegador", "Navegador\Navegador.csproj", "{ADA59C15-6DA0-419E-8411-E954AAE2E5D9}"
EndProject
Global
	GlobalSection(SolutionConfigurationPlatforms) = preSolution
		Debug|Any CPU = Debug|Any CPU
		Release|Any CPU = Release|Any CPU
	EndGlobalSection
	GlobalSection(ProjectConfigurationPlatforms) = postSolution
		{ADA59C15-6DA0-419E-8411-E954AAE2E5D9}.Debug|Any CPU.ActiveCfg = Debug|Any CPU
		{ADA59C15-6DA0-419E-8411-E954AAE2E5D9}.Debug|Any CPU.Build.0 = Debug|Any CPU
		{ADA59C15-6DA0-419E-8411-E954AAE2E5D9}.Release|Any CPU.ActiveCfg = Release|Any CPU
		{ADA59C15-6DA0-419E-8411-E954AAE2E5D9}.Release|Any CPU.Build.0 = Release|Any CPU
	EndGlobalSection
	GlobalSection(SolutionProperties) = preSolution
		HideSolutionNode = FALSE
	EndGlobalSection
	GlobalSection(ExtensibilityGlobals) = postSolution
		SolutionGuid = {7A8F899F-2241-495A-9C58-9DE937151D77}
	EndGlobalSection
EndGlobal
